{
  "lockfile-version": 1,
  "manifest": {
    "version": 1,
    "install": {
      "kitty": {
        "pkg-path": "kitty"
      },
      "zsh": {
        "pkg-path": "zsh"
      }
    },
    "options": {
      "systems": [
        "aarch64-darwin",
        "aarch64-linux",
        "x86_64-darwin",
        "x86_64-linux"
      ]
    }
  },
  "packages": [
    {
      "attr_path": "kitty",
      "broken": false,
      "derivation": "/nix/store/yxv32cpxcsmnq8km3m1kpc4ca1q3rbb1-kitty-0.43.1.drv",
      "description": "Fast, feature-rich, GPU based terminal emulator",
      "install_id": "kitty",
      "license": "GPL-3.0-only",
      "locked_url": "https://github.com/flox/nixpkgs?rev=b3d51a0365f6695e7dd5cdf3e180604530ed33b4",
      "name": "kitty-0.43.1",
      "pname": "kitty",
      "rev": "b3d51a0365f6695e7dd5cdf3e180604530ed33b4",
      "rev_count": 888552,
      "rev_date": "2025-11-02T19:18:41Z",
      "scrape_date": "2025-11-04T00:35:33.650661Z",
      "stabilities": [
        "unstable"
      ],
      "unfree": false,
      "version": "0.43.1",
      "outputs_to_install": [
        "out"
      ],
      "outputs": {
        "kitten": "/nix/store/f1nn6jm9q5c9cd0wzzr38ngkpgfdjs4w-kitty-0.43.1-kitten",
        "out": "/nix/store/chlfgifx4s1azjzvsf6msj2z2pqacyg5-kitty-0.43.1",
        "shell_integration": "/nix/store/zlhmy2mpy7n5bx17wg0bqjdgzg7x20x2-kitty-0.43.1-shell_integration",
        "terminfo": "/nix/store/cfzc3pcarm63f7nmfmxavrf5crp2p8w4-kitty-0.43.1-terminfo"
      },
      "system": "aarch64-darwin",
      "group": "toplevel",
      "priority": 5
    },
    {
      "attr_path": "kitty",
      "broken": false,
      "derivation": "/nix/store/2kiwknmvrzz3lj86a6lwlr7n34m4vvcz-kitty-0.43.1.drv",
      "description": "Fast, feature-rich, GPU based terminal emulator",
      "install_id": "kitty",
      "license": "GPL-3.0-only",
      "locked_url": "https://github.com/flox/nixpkgs?rev=b3d51a0365f6695e7dd5cdf3e180604530ed33b4",
      "name": "kitty-0.43.1",
      "pname": "kitty",
      "rev": "b3d51a0365f6695e7dd5cdf3e180604530ed33b4",
      "rev_count": 888552,
      "rev_date": "2025-11-02T19:18:41Z",
      "scrape_date": "2025-11-05T16:29:20.011863Z",
      "stabilities": [
        "unstable"
      ],
      "unfree": false,
      "version": "0.43.1",
      "outputs_to_install": [
        "out"
      ],
      "outputs": {
        "kitten": "/nix/store/a147qcykqgcpdk6w48fag11jk0r3lmzk-kitty-0.43.1-kitten",
        "out": "/nix/store/szvj83vcgjq1aq142vxn8v0frqxs54x5-kitty-0.43.1",
        "shell_integration": "/nix/store/v6xyav8fzb9y5vh385cq7abna70hj5rv-kitty-0.43.1-shell_integration",
        "terminfo": "/nix/store/rs12lc8wnixhzchaspifl1km5bvcl7k8-kitty-0.43.1-terminfo"
      },
      "system": "aarch64-linux",
      "group": "toplevel",
      "priority": 5
    },
    {
      "attr_path": "kitty",
      "broken": false,
      "derivation": "/nix/store/4kcppf59y348b8j0nilj3nrx2k6s5fqp-kitty-0.43.1.drv",
      "description": "Fast, feature-rich, GPU based terminal emulator",
      "install_id": "kitty",
      "license": "GPL-3.0-only",
      "locked_url": "https://github.com/flox/nixpkgs?rev=b3d51a0365f6695e7dd5cdf3e180604530ed33b4",
      "name": "kitty-0.43.1",
      "pname": "kitty",
      "rev": "b3d51a0365f6695e7dd5cdf3e180604530ed33b4",
      "rev_count": 888552,
      "rev_date": "2025-11-02T19:18:41Z",
      "scrape_date": "2025-11-05T16:55:13.514404Z",
      "stabilities": [
        "unstable"
      ],
      "unfree": false,
      "version": "0.43.1",
      "outputs_to_install": [
        "out"
      ],
      "outputs": {
        "kitten": "/nix/store/wd0q0phzzck59fq65l3l9hd0jhbn4icq-kitty-0.43.1-kitten",
        "out": "/nix/store/ii294103cfn3zqyabyazrs4cb8421n4a-kitty-0.43.1",
        "shell_integration": "/nix/store/hvbkwksj86frnridrvcy28v6swynw8mc-kitty-0.43.1-shell_integration",
        "terminfo": "/nix/store/ykk5mms0jj5jp4s3k9vh3x312dn1zf1i-kitty-0.43.1-terminfo"
      },
      "system": "x86_64-darwin",
      "group": "toplevel",
      "priority": 5
    },
    {
      "attr_path": "kitty",
      "broken": false,
      "derivation": "/nix/store/izlc1x52h9ypn9kjmb4v4a9iavi26vgh-kitty-0.43.1.drv",
      "description": "Fast, feature-rich, GPU based terminal emulator",
      "install_id": "kitty",
      "license": "GPL-3.0-only",
      "locked_url": "https://github.com/flox/nixpkgs?rev=b3d51a0365f6695e7dd5cdf3e180604530ed33b4",
      "name": "kitty-0.43.1",
      "pname": "kitty",
      "rev": "b3d51a0365f6695e7dd5cdf3e180604530ed33b4",
      "rev_count": 888552,
      "rev_date": "2025-11-02T19:18:41Z",
      "scrape_date": "2025-11-05T17:21:10.670455Z",
      "stabilities": [
        "unstable"
      ],
      "unfree": false,
      "version": "0.43.1",
      "outputs_to_install": [
        "out"
      ],
      "outputs": {
        "kitten": "/nix/store/dad7ns7r0zg9hhd6g7jma9iswzr3x798-kitty-0.43.1-kitten",
        "out": "/nix/store/njdi38l7442vdzrdjvjn4p6z9053w8yb-kitty-0.43.1",
        "shell_integration": "/nix/store/lr0pjy11sxw7d585iflyy89xbipii1l1-kitty-0.43.1-shell_integration",
        "terminfo": "/nix/store/4ifiq7hiy2ckc29k89bmxdp1xw4gpns0-kitty-0.43.1-terminfo"
      },
      "system": "x86_64-linux",
      "group": "toplevel",
      "priority": 5
    },
    {
      "attr_path": "zsh",
      "broken": false,
      "derivation": "/nix/store/jdhbkmii8cg9abc2zw1c8nzv5hxlp671-zsh-5.9.drv",
      "description": "Z shell",
      "install_id": "zsh",
      "license": "MIT-Modern-Variant",
      "locked_url": "https://github.com/flox/nixpkgs?rev=b3d51a0365f6695e7dd5cdf3e180604530ed33b4",
      "name": "zsh-5.9",
      "pname": "zsh",
      "rev": "b3d51a0365f6695e7dd5cdf3e180604530ed33b4",
      "rev_count": 888552,
      "rev_date": "2025-11-02T19:18:41Z",
      "scrape_date": "2025-11-04T00:37:54.619772Z",
      "stabilities": [
        "unstable"
      ],
      "unfree": false,
      "version": "5.9",
      "outputs_to_install": [
        "man",
        "out"
      ],
      "outputs": {
        "doc": "/nix/store/0997h7jaf91qhc9m51gl0ayshklz35yc-zsh-5.9-doc",
        "info": "/nix/store/mm4nc0jnh5yyzzh9p1qvx3aa6yidmvpj-zsh-5.9-info",
        "man": "/nix/store/r7zmj5v0vf9bd0n7id7fy1738q51mvip-zsh-5.9-man",
        "out": "/nix/store/2g3h900iy7ri455lyjycpmjx6fw8pgi4-zsh-5.9"
      },
      "system": "aarch64-darwin",
      "group": "toplevel",
      "priority": 5
    },
    {
      "attr_path": "zsh",
      "broken": false,
      "derivation": "/nix/store/4hbnsyjfgvrdy8kgyqhrfbpaqnjm5nj2-zsh-5.9.drv",
      "description": "Z shell",
      "install_id": "zsh",
      "license": "MIT-Modern-Variant",
      "locked_url": "https://github.com/flox/nixpkgs?rev=b3d51a0365f6695e7dd5cdf3e180604530ed33b4",
      "name": "zsh-5.9",
      "pname": "zsh",
      "rev": "b3d51a0365f6695e7dd5cdf3e180604530ed33b4",
      "rev_count": 888552,
      "rev_date": "2025-11-02T19:18:41Z",
      "scrape_date": "2025-11-05T16:32:26.885812Z",
      "stabilities": [
        "unstable"
      ],
      "unfree": false,
      "version": "5.9",
      "outputs_to_install": [
        "man",
        "out"
      ],
      "outputs": {
        "doc": "/nix/store/2r35a6rarbsnchpji0c1bfbl2g18mqgy-zsh-5.9-doc",
        "info": "/nix/store/badsgvibykddk3gpmd7dazh7x3hsmj33-zsh-5.9-info",
        "man": "/nix/store/q87xzj302agngyhw2jklm44ax5bvij4p-zsh-5.9-man",
        "out": "/nix/store/9sfpw0xmz01lbn1r051bc3f2ax8ryq4z-zsh-5.9"
      },
      "system": "aarch64-linux",
      "group": "toplevel",
      "priority": 5
    },
    {
      "attr_path": "zsh",
      "broken": false,
      "derivation": "/nix/store/8m7m32p05bz9n4xl555n3bjjadscayl4-zsh-5.9.drv",
      "description": "Z shell",
      "install_id": "zsh",
      "license": "MIT-Modern-Variant",
      "locked_url": "https://github.com/flox/nixpkgs?rev=b3d51a0365f6695e7dd5cdf3e180604530ed33b4",
      "name": "zsh-5.9",
      "pname": "zsh",
      "rev": "b3d51a0365f6695e7dd5cdf3e180604530ed33b4",
      "rev_count": 888552,
      "rev_date": "2025-11-02T19:18:41Z",
      "scrape_date": "2025-11-05T16:57:26.204684Z",
      "stabilities": [
        "unstable"
      ],
      "unfree": false,
      "version": "5.9",
      "outputs_to_install": [
        "man",
        "out"
      ],
      "outputs": {
        "doc": "/nix/store/5y2hq07csyr1rpifm6lgwamazyf2xslc-zsh-5.9-doc",
        "info": "/nix/store/5dydl688ng3n3hglkn8g2ly96pc8gd22-zsh-5.9-info",
        "man": "/nix/store/4gvi7m6hakp8p9ybnq0pw8y86p8i4bzk-zsh-5.9-man",
        "out": "/nix/store/s1rxq14czw8b2wjq4jkz2qkyxdkfi87n-zsh-5.9"
      },
      "system": "x86_64-darwin",
      "group": "toplevel",
      "priority": 5
    },
    {
      "attr_path": "zsh",
      "broken": false,
      "derivation": "/nix/store/rn6fk6vyc8sxay5ng053fcmgm2azjf6a-zsh-5.9.drv",
      "description": "Z shell",
      "install_id": "zsh",
      "license": "MIT-Modern-Variant",
      "locked_url": "https://github.com/flox/nixpkgs?rev=b3d51a0365f6695e7dd5cdf3e180604530ed33b4",
      "name": "zsh-5.9",
      "pname": "zsh",
      "rev": "b3d51a0365f6695e7dd5cdf3e180604530ed33b4",
      "rev_count": 888552,
      "rev_date": "2025-11-02T19:18:41Z",
      "scrape_date": "2025-11-05T17:24:38.245431Z",
      "stabilities": [
        "unstable"
      ],
      "unfree": false,
      "version": "5.9",
      "outputs_to_install": [
        "man",
        "out"
      ],
      "outputs": {
        "doc": "/nix/store/9cm54i93a916sjp4dcgsmiiichrh9p9k-zsh-5.9-doc",
        "info": "/nix/store/xf7rkd86f05y6swg1w419vrrzqznak5l-zsh-5.9-info",
        "man": "/nix/store/6a6d6p7jfjhh66idznqny6gwhzi3zns5-zsh-5.9-man",
        "out": "/nix/store/j424hy1p76sqywcg0vcqbaqp560hw0c5-zsh-5.9"
      },
      "system": "x86_64-linux",
      "group": "toplevel",
      "priority": 5
    }
  ]
}
