{
  "lockfile-version": 1,
  "manifest": {
    "version": 1,
    "install": {
      "1password": {
        "pkg-path": "_1password-cli"
      },
      "coreutils": {
        "pkg-path": "coreutils"
      },
      "direnv": {
        "pkg-path": "direnv"
      },
      "fzf": {
        "pkg-path": "fzf"
      },
      "git": {
        "pkg-path": "git"
      },
      "httpie": {
        "pkg-path": "httpie"
      },
      "jq": {
        "pkg-path": "jq"
      },
      "pstree": {
        "pkg-path": "pstree"
      },
      "ripgrep": {
        "pkg-path": "ripgrep"
      },
      "vim": {
        "pkg-path": "vim"
      },
      "watchexec": {
        "pkg-path": "watchexec"
      },
      "yq-go": {
        "pkg-path": "yq-go"
      }
    },
    "hook": {},
    "profile": {},
    "options": {
      "systems": [
        "aarch64-darwin",
        "aarch64-linux",
        "x86_64-darwin",
        "x86_64-linux"
      ],
      "allow": {
        "licenses": []
      },
      "semver": {}
    }
  },
  "packages": [
    {
      "attr_path": "_1password-cli",
      "broken": false,
      "derivation": "/nix/store/x4baka2lhxz8ljxqmxya7s98bf3khayf-1password-cli-2.30.3.drv",
      "description": "1Password command-line tool",
      "install_id": "1password",
      "license": "Unfree",
      "locked_url": "https://github.com/flox/nixpkgs?rev=799ba5bffed04ced7067a91798353d360788b30d",
      "name": "1password-cli-2.30.3",
      "pname": "_1password-cli",
      "rev": "799ba5bffed04ced7067a91798353d360788b30d",
      "rev_count": 747653,
      "rev_date": "2025-02-04T14:46:40Z",
      "scrape_date": "2025-02-05T00:30:07Z",
      "stabilities": [
        "unstable"
      ],
      "unfree": true,
      "version": "1password-cli-2.30.3",
      "outputs_to_install": [
        "out"
      ],
      "outputs": {
        "out": "/nix/store/w73v66msf4agaks802sylgx1175l33g1-1password-cli-2.30.3"
      },
      "system": "aarch64-darwin",
      "group": "toplevel",
      "priority": 5
    },
    {
      "attr_path": "_1password-cli",
      "broken": false,
      "derivation": "/nix/store/4hwm45fihfkmm1kibmj203i3vi7msbj8-1password-cli-2.30.3.drv",
      "description": "1Password command-line tool",
      "install_id": "1password",
      "license": "Unfree",
      "locked_url": "https://github.com/flox/nixpkgs?rev=799ba5bffed04ced7067a91798353d360788b30d",
      "name": "1password-cli-2.30.3",
      "pname": "_1password-cli",
      "rev": "799ba5bffed04ced7067a91798353d360788b30d",
      "rev_count": 747653,
      "rev_date": "2025-02-04T14:46:40Z",
      "scrape_date": "2025-02-05T00:30:07Z",
      "stabilities": [
        "unstable"
      ],
      "unfree": true,
      "version": "1password-cli-2.30.3",
      "outputs_to_install": [
        "out"
      ],
      "outputs": {
        "out": "/nix/store/jfjm52k7v1fg5ay7yfdzf3837rjhrjwp-1password-cli-2.30.3"
      },
      "system": "aarch64-linux",
      "group": "toplevel",
      "priority": 5
    },
    {
      "attr_path": "_1password-cli",
      "broken": false,
      "derivation": "/nix/store/l6p8w75lrjxzcd571lz262hgfh4b8bzg-1password-cli-2.30.3.drv",
      "description": "1Password command-line tool",
      "install_id": "1password",
      "license": "Unfree",
      "locked_url": "https://github.com/flox/nixpkgs?rev=799ba5bffed04ced7067a91798353d360788b30d",
      "name": "1password-cli-2.30.3",
      "pname": "_1password-cli",
      "rev": "799ba5bffed04ced7067a91798353d360788b30d",
      "rev_count": 747653,
      "rev_date": "2025-02-04T14:46:40Z",
      "scrape_date": "2025-02-05T00:30:07Z",
      "stabilities": [
        "unstable"
      ],
      "unfree": true,
      "version": "1password-cli-2.30.3",
      "outputs_to_install": [
        "out"
      ],
      "outputs": {
        "out": "/nix/store/3bg9zvc1rpvbb0hpin782cwwilkkgzl1-1password-cli-2.30.3"
      },
      "system": "x86_64-darwin",
      "group": "toplevel",
      "priority": 5
    },
    {
      "attr_path": "_1password-cli",
      "broken": false,
      "derivation": "/nix/store/7pcc15ypa4bgbc11in90w6v4dmfb84x7-1password-cli-2.30.3.drv",
      "description": "1Password command-line tool",
      "install_id": "1password",
      "license": "Unfree",
      "locked_url": "https://github.com/flox/nixpkgs?rev=799ba5bffed04ced7067a91798353d360788b30d",
      "name": "1password-cli-2.30.3",
      "pname": "_1password-cli",
      "rev": "799ba5bffed04ced7067a91798353d360788b30d",
      "rev_count": 747653,
      "rev_date": "2025-02-04T14:46:40Z",
      "scrape_date": "2025-02-05T00:30:07Z",
      "stabilities": [
        "unstable"
      ],
      "unfree": true,
      "version": "1password-cli-2.30.3",
      "outputs_to_install": [
        "out"
      ],
      "outputs": {
        "out": "/nix/store/6mn0bk3xcwdz8z4hzp1r2kjhp149fmsr-1password-cli-2.30.3"
      },
      "system": "x86_64-linux",
      "group": "toplevel",
      "priority": 5
    },
    {
      "attr_path": "coreutils",
      "broken": false,
      "derivation": "/nix/store/aaacmirkfkdj2406i7w1ql5kynsgx7l6-coreutils-9.5.drv",
      "description": "GNU Core Utilities",
      "install_id": "coreutils",
      "license": "GPL-3.0-or-later",
      "locked_url": "https://github.com/flox/nixpkgs?rev=799ba5bffed04ced7067a91798353d360788b30d",
      "name": "coreutils-9.5",
      "pname": "coreutils",
      "rev": "799ba5bffed04ced7067a91798353d360788b30d",
      "rev_count": 747653,
      "rev_date": "2025-02-04T14:46:40Z",
      "scrape_date": "2025-02-05T00:30:07Z",
      "stabilities": [
        "unstable"
      ],
      "unfree": false,
      "version": "9.5",
      "outputs_to_install": [
        "out"
      ],
      "outputs": {
        "info": "/nix/store/979pacq29h2rinv4qql89sim79jz5mg5-coreutils-9.5-info",
        "out": "/nix/store/27hlrqpjy40ifmmy3rw2fbi5b57l8cmw-coreutils-9.5"
      },
      "system": "aarch64-darwin",
      "group": "toplevel",
      "priority": 5
    },
    {
      "attr_path": "coreutils",
      "broken": false,
      "derivation": "/nix/store/c39ybky06sx0r0zcfcbpl986gwsvsdv5-coreutils-9.5.drv",
      "description": "GNU Core Utilities",
      "install_id": "coreutils",
      "license": "GPL-3.0-or-later",
      "locked_url": "https://github.com/flox/nixpkgs?rev=799ba5bffed04ced7067a91798353d360788b30d",
      "name": "coreutils-9.5",
      "pname": "coreutils",
      "rev": "799ba5bffed04ced7067a91798353d360788b30d",
      "rev_count": 747653,
      "rev_date": "2025-02-04T14:46:40Z",
      "scrape_date": "2025-02-05T00:30:07Z",
      "stabilities": [
        "unstable"
      ],
      "unfree": false,
      "version": "9.5",
      "outputs_to_install": [
        "out"
      ],
      "outputs": {
        "debug": "/nix/store/xpymgypy20b4m8rkvykxsby5wnlv82ca-coreutils-9.5-debug",
        "info": "/nix/store/a5m80hqh1y2dx5qzff24whf724lgpgnw-coreutils-9.5-info",
        "out": "/nix/store/j78cpriz6wkn9p2mkw742iix9hbkpbv2-coreutils-9.5"
      },
      "system": "aarch64-linux",
      "group": "toplevel",
      "priority": 5
    },
    {
      "attr_path": "coreutils",
      "broken": false,
      "derivation": "/nix/store/wpf2ddw64ig5z3iwajw5pcm2kcd8p9jr-coreutils-9.5.drv",
      "description": "GNU Core Utilities",
      "install_id": "coreutils",
      "license": "GPL-3.0-or-later",
      "locked_url": "https://github.com/flox/nixpkgs?rev=799ba5bffed04ced7067a91798353d360788b30d",
      "name": "coreutils-9.5",
      "pname": "coreutils",
      "rev": "799ba5bffed04ced7067a91798353d360788b30d",
      "rev_count": 747653,
      "rev_date": "2025-02-04T14:46:40Z",
      "scrape_date": "2025-02-05T00:30:07Z",
      "stabilities": [
        "unstable"
      ],
      "unfree": false,
      "version": "9.5",
      "outputs_to_install": [
        "out"
      ],
      "outputs": {
        "info": "/nix/store/bqll1y5m159r35zxks1cqrdv8zb9y34a-coreutils-9.5-info",
        "out": "/nix/store/5r1vifkx3r6frjv7ry294wr5ripyfcq8-coreutils-9.5"
      },
      "system": "x86_64-darwin",
      "group": "toplevel",
      "priority": 5
    },
    {
      "attr_path": "coreutils",
      "broken": false,
      "derivation": "/nix/store/pk46bbjafzrrms7h72namzi3wlin9p06-coreutils-9.5.drv",
      "description": "GNU Core Utilities",
      "install_id": "coreutils",
      "license": "GPL-3.0-or-later",
      "locked_url": "https://github.com/flox/nixpkgs?rev=799ba5bffed04ced7067a91798353d360788b30d",
      "name": "coreutils-9.5",
      "pname": "coreutils",
      "rev": "799ba5bffed04ced7067a91798353d360788b30d",
      "rev_count": 747653,
      "rev_date": "2025-02-04T14:46:40Z",
      "scrape_date": "2025-02-05T00:30:07Z",
      "stabilities": [
        "unstable"
      ],
      "unfree": false,
      "version": "9.5",
      "outputs_to_install": [
        "out"
      ],
      "outputs": {
        "debug": "/nix/store/xj07rb0rlpdy7xlkc6g8p4rqqqm7513b-coreutils-9.5-debug",
        "info": "/nix/store/slrzma6vm0w75qwn4b8ana9h0x1rh8wi-coreutils-9.5-info",
        "out": "/nix/store/pw26z7msfmv291jq1qpp8bbaprs5hkfk-coreutils-9.5"
      },
      "system": "x86_64-linux",
      "group": "toplevel",
      "priority": 5
    },
    {
      "attr_path": "direnv",
      "broken": false,
      "derivation": "/nix/store/hidazdk8a3ldg8z3qjwyl7ahi57ijjwr-direnv-2.35.0.drv",
      "description": "Shell extension that manages your environment",
      "install_id": "direnv",
      "license": "MIT",
      "locked_url": "https://github.com/flox/nixpkgs?rev=799ba5bffed04ced7067a91798353d360788b30d",
      "name": "direnv-2.35.0",
      "pname": "direnv",
      "rev": "799ba5bffed04ced7067a91798353d360788b30d",
      "rev_count": 747653,
      "rev_date": "2025-02-04T14:46:40Z",
      "scrape_date": "2025-02-05T00:30:07Z",
      "stabilities": [
        "unstable"
      ],
      "unfree": false,
      "version": "2.35.0",
      "outputs_to_install": [
        "out"
      ],
      "outputs": {
        "out": "/nix/store/q00mwz61l0kz3ikjafm8v42df79vw70m-direnv-2.35.0"
      },
      "system": "aarch64-darwin",
      "group": "toplevel",
      "priority": 5
    },
    {
      "attr_path": "direnv",
      "broken": false,
      "derivation": "/nix/store/78l4gb83ragbgwkq5dqpckbgasnvf4vj-direnv-2.35.0.drv",
      "description": "Shell extension that manages your environment",
      "install_id": "direnv",
      "license": "MIT",
      "locked_url": "https://github.com/flox/nixpkgs?rev=799ba5bffed04ced7067a91798353d360788b30d",
      "name": "direnv-2.35.0",
      "pname": "direnv",
      "rev": "799ba5bffed04ced7067a91798353d360788b30d",
      "rev_count": 747653,
      "rev_date": "2025-02-04T14:46:40Z",
      "scrape_date": "2025-02-05T00:30:07Z",
      "stabilities": [
        "unstable"
      ],
      "unfree": false,
      "version": "2.35.0",
      "outputs_to_install": [
        "out"
      ],
      "outputs": {
        "out": "/nix/store/5qjaj63mcpkbgg9dd7kq326d3zv1nfsq-direnv-2.35.0"
      },
      "system": "aarch64-linux",
      "group": "toplevel",
      "priority": 5
    },
    {
      "attr_path": "direnv",
      "broken": false,
      "derivation": "/nix/store/0fkv4qhwmzspx4r9gnpc23zr9qw58zqk-direnv-2.35.0.drv",
      "description": "Shell extension that manages your environment",
      "install_id": "direnv",
      "license": "MIT",
      "locked_url": "https://github.com/flox/nixpkgs?rev=799ba5bffed04ced7067a91798353d360788b30d",
      "name": "direnv-2.35.0",
      "pname": "direnv",
      "rev": "799ba5bffed04ced7067a91798353d360788b30d",
      "rev_count": 747653,
      "rev_date": "2025-02-04T14:46:40Z",
      "scrape_date": "2025-02-05T00:30:07Z",
      "stabilities": [
        "unstable"
      ],
      "unfree": false,
      "version": "2.35.0",
      "outputs_to_install": [
        "out"
      ],
      "outputs": {
        "out": "/nix/store/7w42jcbp3gl8mswmqkfpm54znbb58116-direnv-2.35.0"
      },
      "system": "x86_64-darwin",
      "group": "toplevel",
      "priority": 5
    },
    {
      "attr_path": "direnv",
      "broken": false,
      "derivation": "/nix/store/i7biblk9r8vrsma8pl57dxacayh3g3pq-direnv-2.35.0.drv",
      "description": "Shell extension that manages your environment",
      "install_id": "direnv",
      "license": "MIT",
      "locked_url": "https://github.com/flox/nixpkgs?rev=799ba5bffed04ced7067a91798353d360788b30d",
      "name": "direnv-2.35.0",
      "pname": "direnv",
      "rev": "799ba5bffed04ced7067a91798353d360788b30d",
      "rev_count": 747653,
      "rev_date": "2025-02-04T14:46:40Z",
      "scrape_date": "2025-02-05T00:30:07Z",
      "stabilities": [
        "unstable"
      ],
      "unfree": false,
      "version": "2.35.0",
      "outputs_to_install": [
        "out"
      ],
      "outputs": {
        "out": "/nix/store/5acgdhnifp5hsvhw2w34jhs5xqjgv0v3-direnv-2.35.0"
      },
      "system": "x86_64-linux",
      "group": "toplevel",
      "priority": 5
    },
    {
      "attr_path": "fzf",
      "broken": false,
      "derivation": "/nix/store/2rvljjx9i3n4xf4mqz3fl1l0mbpsvzd7-fzf-0.59.0.drv",
      "description": "Command-line fuzzy finder written in Go",
      "install_id": "fzf",
      "license": "MIT",
      "locked_url": "https://github.com/flox/nixpkgs?rev=799ba5bffed04ced7067a91798353d360788b30d",
      "name": "fzf-0.59.0",
      "pname": "fzf",
      "rev": "799ba5bffed04ced7067a91798353d360788b30d",
      "rev_count": 747653,
      "rev_date": "2025-02-04T14:46:40Z",
      "scrape_date": "2025-02-05T00:30:07Z",
      "stabilities": [
        "unstable"
      ],
      "unfree": false,
      "version": "0.59.0",
      "outputs_to_install": [
        "man",
        "out"
      ],
      "outputs": {
        "man": "/nix/store/f7sdqk7a55z88sm33d9rky0lnljzaizx-fzf-0.59.0-man",
        "out": "/nix/store/lnk0k7d364bldl9qknvkyja8pf0w05vb-fzf-0.59.0"
      },
      "system": "aarch64-darwin",
      "group": "toplevel",
      "priority": 5
    },
    {
      "attr_path": "fzf",
      "broken": false,
      "derivation": "/nix/store/bw7qmd863s8vas34j15w8g2p49vj44db-fzf-0.59.0.drv",
      "description": "Command-line fuzzy finder written in Go",
      "install_id": "fzf",
      "license": "MIT",
      "locked_url": "https://github.com/flox/nixpkgs?rev=799ba5bffed04ced7067a91798353d360788b30d",
      "name": "fzf-0.59.0",
      "pname": "fzf",
      "rev": "799ba5bffed04ced7067a91798353d360788b30d",
      "rev_count": 747653,
      "rev_date": "2025-02-04T14:46:40Z",
      "scrape_date": "2025-02-05T00:30:07Z",
      "stabilities": [
        "unstable"
      ],
      "unfree": false,
      "version": "0.59.0",
      "outputs_to_install": [
        "man",
        "out"
      ],
      "outputs": {
        "man": "/nix/store/mhrcqwmjsbys8w4rw1qn10qmwh8hxvkr-fzf-0.59.0-man",
        "out": "/nix/store/161i851c7cf344k66r2c262hc2d8jl0l-fzf-0.59.0"
      },
      "system": "aarch64-linux",
      "group": "toplevel",
      "priority": 5
    },
    {
      "attr_path": "fzf",
      "broken": false,
      "derivation": "/nix/store/bfmxr63l4qny8fqc6mj3958zznx5af9j-fzf-0.59.0.drv",
      "description": "Command-line fuzzy finder written in Go",
      "install_id": "fzf",
      "license": "MIT",
      "locked_url": "https://github.com/flox/nixpkgs?rev=799ba5bffed04ced7067a91798353d360788b30d",
      "name": "fzf-0.59.0",
      "pname": "fzf",
      "rev": "799ba5bffed04ced7067a91798353d360788b30d",
      "rev_count": 747653,
      "rev_date": "2025-02-04T14:46:40Z",
      "scrape_date": "2025-02-05T00:30:07Z",
      "stabilities": [
        "unstable"
      ],
      "unfree": false,
      "version": "0.59.0",
      "outputs_to_install": [
        "man",
        "out"
      ],
      "outputs": {
        "man": "/nix/store/4wwr9qs1c0qzvzn4m8cyd8691gf15ahb-fzf-0.59.0-man",
        "out": "/nix/store/nd5q5hj42qphvmwxs5lc799v0ywdvm50-fzf-0.59.0"
      },
      "system": "x86_64-darwin",
      "group": "toplevel",
      "priority": 5
    },
    {
      "attr_path": "fzf",
      "broken": false,
      "derivation": "/nix/store/jwrjq6rypci6iwy7592pcwh46lwmsr24-fzf-0.59.0.drv",
      "description": "Command-line fuzzy finder written in Go",
      "install_id": "fzf",
      "license": "MIT",
      "locked_url": "https://github.com/flox/nixpkgs?rev=799ba5bffed04ced7067a91798353d360788b30d",
      "name": "fzf-0.59.0",
      "pname": "fzf",
      "rev": "799ba5bffed04ced7067a91798353d360788b30d",
      "rev_count": 747653,
      "rev_date": "2025-02-04T14:46:40Z",
      "scrape_date": "2025-02-05T00:30:07Z",
      "stabilities": [
        "unstable"
      ],
      "unfree": false,
      "version": "0.59.0",
      "outputs_to_install": [
        "man",
        "out"
      ],
      "outputs": {
        "man": "/nix/store/72c5jv3k860dp0cvw1dclfg7d1s8xwfw-fzf-0.59.0-man",
        "out": "/nix/store/1mgrisy0nmgsab07djyvdbw0dp6bkk9z-fzf-0.59.0"
      },
      "system": "x86_64-linux",
      "group": "toplevel",
      "priority": 5
    },
    {
      "attr_path": "git",
      "broken": false,
      "derivation": "/nix/store/bh4r92kxz7bk230j33mlfygmzpvwwsci-git-2.47.1.drv",
      "description": "Distributed version control system",
      "install_id": "git",
      "license": "GPL-2.0",
      "locked_url": "https://github.com/flox/nixpkgs?rev=799ba5bffed04ced7067a91798353d360788b30d",
      "name": "git-2.47.1",
      "pname": "git",
      "rev": "799ba5bffed04ced7067a91798353d360788b30d",
      "rev_count": 747653,
      "rev_date": "2025-02-04T14:46:40Z",
      "scrape_date": "2025-02-05T00:30:07Z",
      "stabilities": [
        "unstable"
      ],
      "unfree": false,
      "version": "2.47.1",
      "outputs_to_install": [
        "out"
      ],
      "outputs": {
        "doc": "/nix/store/j3w81894k2014nsl8c9k4fkb5zrjdjjn-git-2.47.1-doc",
        "out": "/nix/store/6jr29hgw3sa439df6bd4mh2c6rmpf68j-git-2.47.1"
      },
      "system": "aarch64-darwin",
      "group": "toplevel",
      "priority": 5
    },
    {
      "attr_path": "git",
      "broken": false,
      "derivation": "/nix/store/rxxc0iw3z2igjc9fpdnqhkhd8l9wb464-git-2.47.1.drv",
      "description": "Distributed version control system",
      "install_id": "git",
      "license": "GPL-2.0",
      "locked_url": "https://github.com/flox/nixpkgs?rev=799ba5bffed04ced7067a91798353d360788b30d",
      "name": "git-2.47.1",
      "pname": "git",
      "rev": "799ba5bffed04ced7067a91798353d360788b30d",
      "rev_count": 747653,
      "rev_date": "2025-02-04T14:46:40Z",
      "scrape_date": "2025-02-05T00:30:07Z",
      "stabilities": [
        "unstable"
      ],
      "unfree": false,
      "version": "2.47.1",
      "outputs_to_install": [
        "out"
      ],
      "outputs": {
        "debug": "/nix/store/s5gjjyjdmcw49z8ynqgc4r8r8fxxa71i-git-2.47.1-debug",
        "doc": "/nix/store/cxjbaw9xrzxx9m9dz9syydnjagwxvy5h-git-2.47.1-doc",
        "out": "/nix/store/l05864n3qnk0gp3cy8mijkk78p84xvdj-git-2.47.1"
      },
      "system": "aarch64-linux",
      "group": "toplevel",
      "priority": 5
    },
    {
      "attr_path": "git",
      "broken": false,
      "derivation": "/nix/store/i6593l9ixbxk3v95czcckggb756aqnqm-git-2.47.1.drv",
      "description": "Distributed version control system",
      "install_id": "git",
      "license": "GPL-2.0",
      "locked_url": "https://github.com/flox/nixpkgs?rev=799ba5bffed04ced7067a91798353d360788b30d",
      "name": "git-2.47.1",
      "pname": "git",
      "rev": "799ba5bffed04ced7067a91798353d360788b30d",
      "rev_count": 747653,
      "rev_date": "2025-02-04T14:46:40Z",
      "scrape_date": "2025-02-05T00:30:07Z",
      "stabilities": [
        "unstable"
      ],
      "unfree": false,
      "version": "2.47.1",
      "outputs_to_install": [
        "out"
      ],
      "outputs": {
        "doc": "/nix/store/0pr5g6bf0vcmmcrb1hdi4s4m5dqzczpc-git-2.47.1-doc",
        "out": "/nix/store/y9ilj7w794c9il2s04xx5ikg9kf7zmm4-git-2.47.1"
      },
      "system": "x86_64-darwin",
      "group": "toplevel",
      "priority": 5
    },
    {
      "attr_path": "git",
      "broken": false,
      "derivation": "/nix/store/4ckcaaysjs2x7h8cgi43is73bki8vax1-git-2.47.1.drv",
      "description": "Distributed version control system",
      "install_id": "git",
      "license": "GPL-2.0",
      "locked_url": "https://github.com/flox/nixpkgs?rev=799ba5bffed04ced7067a91798353d360788b30d",
      "name": "git-2.47.1",
      "pname": "git",
      "rev": "799ba5bffed04ced7067a91798353d360788b30d",
      "rev_count": 747653,
      "rev_date": "2025-02-04T14:46:40Z",
      "scrape_date": "2025-02-05T00:30:07Z",
      "stabilities": [
        "unstable"
      ],
      "unfree": false,
      "version": "2.47.1",
      "outputs_to_install": [
        "out"
      ],
      "outputs": {
        "debug": "/nix/store/0yk2g1fyf6wnari6qjy0x5ljkg5lirci-git-2.47.1-debug",
        "doc": "/nix/store/4i5f6hdjmjn70m4qfvg8ymg9abhszlrp-git-2.47.1-doc",
        "out": "/nix/store/7mln3k7mmvsnpgp47zr63w9d60pqba9n-git-2.47.1"
      },
      "system": "x86_64-linux",
      "group": "toplevel",
      "priority": 5
    },
    {
      "attr_path": "httpie",
      "broken": false,
      "derivation": "/nix/store/idlf0lfd0iwg0yq2nr882pn2bfxq2s3v-python3.12-httpie-3.2.4.drv",
      "description": "Command line HTTP client whose goal is to make CLI human-friendly",
      "install_id": "httpie",
      "license": "BSD-3-Clause",
      "locked_url": "https://github.com/flox/nixpkgs?rev=799ba5bffed04ced7067a91798353d360788b30d",
      "name": "httpie-3.2.4",
      "pname": "httpie",
      "rev": "799ba5bffed04ced7067a91798353d360788b30d",
      "rev_count": 747653,
      "rev_date": "2025-02-04T14:46:40Z",
      "scrape_date": "2025-02-05T00:30:07Z",
      "stabilities": [
        "unstable"
      ],
      "unfree": false,
      "version": "3.2.4",
      "outputs_to_install": [
        "out"
      ],
      "outputs": {
        "dist": "/nix/store/bri014cb1ipyri4nm3byrq7sj894parc-python3.12-httpie-3.2.4-dist",
        "out": "/nix/store/ab6j7cam9pbmmk0hh9s9ldgj6dd9lfqa-python3.12-httpie-3.2.4"
      },
      "system": "aarch64-darwin",
      "group": "toplevel",
      "priority": 5
    },
    {
      "attr_path": "httpie",
      "broken": false,
      "derivation": "/nix/store/jkmkm8ka242mjfjyy12h2llzq47ylzwv-python3.12-httpie-3.2.4.drv",
      "description": "Command line HTTP client whose goal is to make CLI human-friendly",
      "install_id": "httpie",
      "license": "BSD-3-Clause",
      "locked_url": "https://github.com/flox/nixpkgs?rev=799ba5bffed04ced7067a91798353d360788b30d",
      "name": "httpie-3.2.4",
      "pname": "httpie",
      "rev": "799ba5bffed04ced7067a91798353d360788b30d",
      "rev_count": 747653,
      "rev_date": "2025-02-04T14:46:40Z",
      "scrape_date": "2025-02-05T00:30:07Z",
      "stabilities": [
        "unstable"
      ],
      "unfree": false,
      "version": "3.2.4",
      "outputs_to_install": [
        "out"
      ],
      "outputs": {
        "dist": "/nix/store/l62j021gmbm1689rq4nr2wjc0w3zv823-python3.12-httpie-3.2.4-dist",
        "out": "/nix/store/zlvqivmmwfgahgiddx6rgkxppcfi2v28-python3.12-httpie-3.2.4"
      },
      "system": "aarch64-linux",
      "group": "toplevel",
      "priority": 5
    },
    {
      "attr_path": "httpie",
      "broken": false,
      "derivation": "/nix/store/f6iznapzg7cvcvjf0wl152gzc7ckpmri-python3.12-httpie-3.2.4.drv",
      "description": "Command line HTTP client whose goal is to make CLI human-friendly",
      "install_id": "httpie",
      "license": "BSD-3-Clause",
      "locked_url": "https://github.com/flox/nixpkgs?rev=799ba5bffed04ced7067a91798353d360788b30d",
      "name": "httpie-3.2.4",
      "pname": "httpie",
      "rev": "799ba5bffed04ced7067a91798353d360788b30d",
      "rev_count": 747653,
      "rev_date": "2025-02-04T14:46:40Z",
      "scrape_date": "2025-02-05T00:30:07Z",
      "stabilities": [
        "unstable"
      ],
      "unfree": false,
      "version": "3.2.4",
      "outputs_to_install": [
        "out"
      ],
      "outputs": {
        "dist": "/nix/store/arcj073w4awv27hpdb91myxmw9fbisz4-python3.12-httpie-3.2.4-dist",
        "out": "/nix/store/fasg1c1m1m9ms6r5zzhs7qjss31pivhv-python3.12-httpie-3.2.4"
      },
      "system": "x86_64-darwin",
      "group": "toplevel",
      "priority": 5
    },
    {
      "attr_path": "httpie",
      "broken": false,
      "derivation": "/nix/store/3649b8ymh8rjgkfm3cr6pkmjhz7qcfjm-python3.12-httpie-3.2.4.drv",
      "description": "Command line HTTP client whose goal is to make CLI human-friendly",
      "install_id": "httpie",
      "license": "BSD-3-Clause",
      "locked_url": "https://github.com/flox/nixpkgs?rev=799ba5bffed04ced7067a91798353d360788b30d",
      "name": "httpie-3.2.4",
      "pname": "httpie",
      "rev": "799ba5bffed04ced7067a91798353d360788b30d",
      "rev_count": 747653,
      "rev_date": "2025-02-04T14:46:40Z",
      "scrape_date": "2025-02-05T00:30:07Z",
      "stabilities": [
        "unstable"
      ],
      "unfree": false,
      "version": "3.2.4",
      "outputs_to_install": [
        "out"
      ],
      "outputs": {
        "dist": "/nix/store/41q147fmnnh45qgxzmnfibh7s2xr1z7b-python3.12-httpie-3.2.4-dist",
        "out": "/nix/store/77wjj9z6qyxhpa1rivkaak6hdnjd6khw-python3.12-httpie-3.2.4"
      },
      "system": "x86_64-linux",
      "group": "toplevel",
      "priority": 5
    },
    {
      "attr_path": "jq",
      "broken": false,
      "derivation": "/nix/store/0icmkwm3bm0bv72pcl6mfykxlk1z2l78-jq-1.7.1.drv",
      "description": "Lightweight and flexible command-line JSON processor",
      "install_id": "jq",
      "license": "MIT",
      "locked_url": "https://github.com/flox/nixpkgs?rev=799ba5bffed04ced7067a91798353d360788b30d",
      "name": "jq-1.7.1",
      "pname": "jq",
      "rev": "799ba5bffed04ced7067a91798353d360788b30d",
      "rev_count": 747653,
      "rev_date": "2025-02-04T14:46:40Z",
      "scrape_date": "2025-02-05T00:30:07Z",
      "stabilities": [
        "unstable"
      ],
      "unfree": false,
      "version": "1.7.1",
      "outputs_to_install": [
        "bin",
        "man"
      ],
      "outputs": {
        "bin": "/nix/store/ri8k487849v9b290iz384pi1lgw7n585-jq-1.7.1-bin",
        "dev": "/nix/store/n7880d10c16s05bzg4xh4ak9j7fz9440-jq-1.7.1-dev",
        "doc": "/nix/store/axim640z0z67x48qr8nq79qph5j3vj05-jq-1.7.1-doc",
        "man": "/nix/store/l9nf6sjs9hyvjfkmm9njw00mmvh88f6n-jq-1.7.1-man",
        "out": "/nix/store/sj86jzxi9p5pipih6fx7sw9pw6j54qbl-jq-1.7.1"
      },
      "system": "aarch64-darwin",
      "group": "toplevel",
      "priority": 5
    },
    {
      "attr_path": "jq",
      "broken": false,
      "derivation": "/nix/store/q9bpdclrmni47700722xgsrssychynb0-jq-1.7.1.drv",
      "description": "Lightweight and flexible command-line JSON processor",
      "install_id": "jq",
      "license": "MIT",
      "locked_url": "https://github.com/flox/nixpkgs?rev=799ba5bffed04ced7067a91798353d360788b30d",
      "name": "jq-1.7.1",
      "pname": "jq",
      "rev": "799ba5bffed04ced7067a91798353d360788b30d",
      "rev_count": 747653,
      "rev_date": "2025-02-04T14:46:40Z",
      "scrape_date": "2025-02-05T00:30:07Z",
      "stabilities": [
        "unstable"
      ],
      "unfree": false,
      "version": "1.7.1",
      "outputs_to_install": [
        "bin",
        "man"
      ],
      "outputs": {
        "bin": "/nix/store/z5vhfsyh4yh7f018q036q260h363a56w-jq-1.7.1-bin",
        "dev": "/nix/store/6xqw0a045m2s6kg7bdx8f0y88x55iw18-jq-1.7.1-dev",
        "doc": "/nix/store/7120g78wnwvhsazmd65g3v6hkn7fijj6-jq-1.7.1-doc",
        "man": "/nix/store/hvb2dfhc1k02abmai7n3bxi2w7i85k3q-jq-1.7.1-man",
        "out": "/nix/store/qky6im9rkx32bkngy05lgf2j2mhc9sa1-jq-1.7.1"
      },
      "system": "aarch64-linux",
      "group": "toplevel",
      "priority": 5
    },
    {
      "attr_path": "jq",
      "broken": false,
      "derivation": "/nix/store/lzgq697l385dpm24wsjkngfidf9fbv47-jq-1.7.1.drv",
      "description": "Lightweight and flexible command-line JSON processor",
      "install_id": "jq",
      "license": "MIT",
      "locked_url": "https://github.com/flox/nixpkgs?rev=799ba5bffed04ced7067a91798353d360788b30d",
      "name": "jq-1.7.1",
      "pname": "jq",
      "rev": "799ba5bffed04ced7067a91798353d360788b30d",
      "rev_count": 747653,
      "rev_date": "2025-02-04T14:46:40Z",
      "scrape_date": "2025-02-05T00:30:07Z",
      "stabilities": [
        "unstable"
      ],
      "unfree": false,
      "version": "1.7.1",
      "outputs_to_install": [
        "bin",
        "man"
      ],
      "outputs": {
        "bin": "/nix/store/1g73qfq41vldzhaxz82f9dbw3pvsgr5g-jq-1.7.1-bin",
        "dev": "/nix/store/xfa0x8yf8nqka5fjvknmwnbgsixx0rqf-jq-1.7.1-dev",
        "doc": "/nix/store/3d3vbk2iwg3c2kgbmmr6r6707xkszhy4-jq-1.7.1-doc",
        "man": "/nix/store/l9jl6mn6f7z8ki4wg4zqa28l3222wbdb-jq-1.7.1-man",
        "out": "/nix/store/03q69wc4wg57w1i5bapd0671a8wimfhf-jq-1.7.1"
      },
      "system": "x86_64-darwin",
      "group": "toplevel",
      "priority": 5
    },
    {
      "attr_path": "jq",
      "broken": false,
      "derivation": "/nix/store/nvc0cv26k3bd8585czd34rx7cqq3mbzw-jq-1.7.1.drv",
      "description": "Lightweight and flexible command-line JSON processor",
      "install_id": "jq",
      "license": "MIT",
      "locked_url": "https://github.com/flox/nixpkgs?rev=799ba5bffed04ced7067a91798353d360788b30d",
      "name": "jq-1.7.1",
      "pname": "jq",
      "rev": "799ba5bffed04ced7067a91798353d360788b30d",
      "rev_count": 747653,
      "rev_date": "2025-02-04T14:46:40Z",
      "scrape_date": "2025-02-05T00:30:07Z",
      "stabilities": [
        "unstable"
      ],
      "unfree": false,
      "version": "1.7.1",
      "outputs_to_install": [
        "bin",
        "man"
      ],
      "outputs": {
        "bin": "/nix/store/69msxmwsxfbxx8mzigzrfppgz6qk1sx8-jq-1.7.1-bin",
        "dev": "/nix/store/135pr45fck6iqk1mym8rlb9hz0vxn2cj-jq-1.7.1-dev",
        "doc": "/nix/store/bnzrjq3bpagqhd55mz09i8lx6l2qzwq4-jq-1.7.1-doc",
        "man": "/nix/store/0j2mhyyc4rp63wlqip4n9j356nlcqznv-jq-1.7.1-man",
        "out": "/nix/store/rxy1z6zcwgrj59gn91r561s3dj0xgjqg-jq-1.7.1"
      },
      "system": "x86_64-linux",
      "group": "toplevel",
      "priority": 5
    },
    {
      "attr_path": "pstree",
      "broken": false,
      "derivation": "/nix/store/g9ni08fqb18bqz3ri205dds2nhpirws7-pstree-2.39.drv",
      "description": "Show the set of running processes as a tree",
      "install_id": "pstree",
      "license": "GPL-2.0",
      "locked_url": "https://github.com/flox/nixpkgs?rev=799ba5bffed04ced7067a91798353d360788b30d",
      "name": "pstree-2.39",
      "pname": "pstree",
      "rev": "799ba5bffed04ced7067a91798353d360788b30d",
      "rev_count": 747653,
      "rev_date": "2025-02-04T14:46:40Z",
      "scrape_date": "2025-02-05T00:30:07Z",
      "stabilities": [
        "unstable"
      ],
      "unfree": false,
      "version": "2.39",
      "outputs_to_install": [
        "out"
      ],
      "outputs": {
        "out": "/nix/store/zx426b1axzybmwk8dyh8dzdpm72gn4nb-pstree-2.39"
      },
      "system": "aarch64-darwin",
      "group": "toplevel",
      "priority": 5
    },
    {
      "attr_path": "pstree",
      "broken": false,
      "derivation": "/nix/store/whv17np6450hmn5myhwilj6vfn08qqcx-pstree-2.39.drv",
      "description": "Show the set of running processes as a tree",
      "install_id": "pstree",
      "license": "GPL-2.0",
      "locked_url": "https://github.com/flox/nixpkgs?rev=799ba5bffed04ced7067a91798353d360788b30d",
      "name": "pstree-2.39",
      "pname": "pstree",
      "rev": "799ba5bffed04ced7067a91798353d360788b30d",
      "rev_count": 747653,
      "rev_date": "2025-02-04T14:46:40Z",
      "scrape_date": "2025-02-05T00:30:07Z",
      "stabilities": [
        "unstable"
      ],
      "unfree": false,
      "version": "2.39",
      "outputs_to_install": [
        "out"
      ],
      "outputs": {
        "out": "/nix/store/s3m15jcd2c2m406i1bf1gh5k9d6kdccf-pstree-2.39"
      },
      "system": "aarch64-linux",
      "group": "toplevel",
      "priority": 5
    },
    {
      "attr_path": "pstree",
      "broken": false,
      "derivation": "/nix/store/v79ljrzhqh26bbrq7wk5807scp0z0z36-pstree-2.39.drv",
      "description": "Show the set of running processes as a tree",
      "install_id": "pstree",
      "license": "GPL-2.0",
      "locked_url": "https://github.com/flox/nixpkgs?rev=799ba5bffed04ced7067a91798353d360788b30d",
      "name": "pstree-2.39",
      "pname": "pstree",
      "rev": "799ba5bffed04ced7067a91798353d360788b30d",
      "rev_count": 747653,
      "rev_date": "2025-02-04T14:46:40Z",
      "scrape_date": "2025-02-05T00:30:07Z",
      "stabilities": [
        "unstable"
      ],
      "unfree": false,
      "version": "2.39",
      "outputs_to_install": [
        "out"
      ],
      "outputs": {
        "out": "/nix/store/8vv46xy6wcpar13q1qrjz2an5s3bgj9k-pstree-2.39"
      },
      "system": "x86_64-darwin",
      "group": "toplevel",
      "priority": 5
    },
    {
      "attr_path": "pstree",
      "broken": false,
      "derivation": "/nix/store/z3yg573qg06wz8krg0ajjyiil3xss05i-pstree-2.39.drv",
      "description": "Show the set of running processes as a tree",
      "install_id": "pstree",
      "license": "GPL-2.0",
      "locked_url": "https://github.com/flox/nixpkgs?rev=799ba5bffed04ced7067a91798353d360788b30d",
      "name": "pstree-2.39",
      "pname": "pstree",
      "rev": "799ba5bffed04ced7067a91798353d360788b30d",
      "rev_count": 747653,
      "rev_date": "2025-02-04T14:46:40Z",
      "scrape_date": "2025-02-05T00:30:07Z",
      "stabilities": [
        "unstable"
      ],
      "unfree": false,
      "version": "2.39",
      "outputs_to_install": [
        "out"
      ],
      "outputs": {
        "out": "/nix/store/flvq2p0858sl9skssyk0i63pkpiblk8q-pstree-2.39"
      },
      "system": "x86_64-linux",
      "group": "toplevel",
      "priority": 5
    },
    {
      "attr_path": "ripgrep",
      "broken": false,
      "derivation": "/nix/store/f96a6l8clnx40ga6igpzkahjzmp9cqcp-ripgrep-14.1.1.drv",
      "description": "Utility that combines the usability of The Silver Searcher with the raw speed of grep",
      "install_id": "ripgrep",
      "license": "[ Unlicense, MIT ]",
      "locked_url": "https://github.com/flox/nixpkgs?rev=799ba5bffed04ced7067a91798353d360788b30d",
      "name": "ripgrep-14.1.1",
      "pname": "ripgrep",
      "rev": "799ba5bffed04ced7067a91798353d360788b30d",
      "rev_count": 747653,
      "rev_date": "2025-02-04T14:46:40Z",
      "scrape_date": "2025-02-05T00:30:07Z",
      "stabilities": [
        "unstable"
      ],
      "unfree": false,
      "version": "14.1.1",
      "outputs_to_install": [
        "out"
      ],
      "outputs": {
        "out": "/nix/store/wpxhqaa5k638f17yiav6mcbsawi5hh6h-ripgrep-14.1.1"
      },
      "system": "aarch64-darwin",
      "group": "toplevel",
      "priority": 5
    },
    {
      "attr_path": "ripgrep",
      "broken": false,
      "derivation": "/nix/store/mjwfymrl11zpnnpb7z6vb1b9wi8g5jn7-ripgrep-14.1.1.drv",
      "description": "Utility that combines the usability of The Silver Searcher with the raw speed of grep",
      "install_id": "ripgrep",
      "license": "[ Unlicense, MIT ]",
      "locked_url": "https://github.com/flox/nixpkgs?rev=799ba5bffed04ced7067a91798353d360788b30d",
      "name": "ripgrep-14.1.1",
      "pname": "ripgrep",
      "rev": "799ba5bffed04ced7067a91798353d360788b30d",
      "rev_count": 747653,
      "rev_date": "2025-02-04T14:46:40Z",
      "scrape_date": "2025-02-05T00:30:07Z",
      "stabilities": [
        "unstable"
      ],
      "unfree": false,
      "version": "14.1.1",
      "outputs_to_install": [
        "out"
      ],
      "outputs": {
        "out": "/nix/store/xgpafx987hbg76crc9gbdcdbdy3w2cqw-ripgrep-14.1.1"
      },
      "system": "aarch64-linux",
      "group": "toplevel",
      "priority": 5
    },
    {
      "attr_path": "ripgrep",
      "broken": false,
      "derivation": "/nix/store/6b860j1ffpmg5ya1gxnfhk47ax50nwrm-ripgrep-14.1.1.drv",
      "description": "Utility that combines the usability of The Silver Searcher with the raw speed of grep",
      "install_id": "ripgrep",
      "license": "[ Unlicense, MIT ]",
      "locked_url": "https://github.com/flox/nixpkgs?rev=799ba5bffed04ced7067a91798353d360788b30d",
      "name": "ripgrep-14.1.1",
      "pname": "ripgrep",
      "rev": "799ba5bffed04ced7067a91798353d360788b30d",
      "rev_count": 747653,
      "rev_date": "2025-02-04T14:46:40Z",
      "scrape_date": "2025-02-05T00:30:07Z",
      "stabilities": [
        "unstable"
      ],
      "unfree": false,
      "version": "14.1.1",
      "outputs_to_install": [
        "out"
      ],
      "outputs": {
        "out": "/nix/store/aq8rh9spvrn2rjikyjb8jk0799f6q568-ripgrep-14.1.1"
      },
      "system": "x86_64-darwin",
      "group": "toplevel",
      "priority": 5
    },
    {
      "attr_path": "ripgrep",
      "broken": false,
      "derivation": "/nix/store/p06sid0718hdnclz1gxqdr3xadsahyza-ripgrep-14.1.1.drv",
      "description": "Utility that combines the usability of The Silver Searcher with the raw speed of grep",
      "install_id": "ripgrep",
      "license": "[ Unlicense, MIT ]",
      "locked_url": "https://github.com/flox/nixpkgs?rev=799ba5bffed04ced7067a91798353d360788b30d",
      "name": "ripgrep-14.1.1",
      "pname": "ripgrep",
      "rev": "799ba5bffed04ced7067a91798353d360788b30d",
      "rev_count": 747653,
      "rev_date": "2025-02-04T14:46:40Z",
      "scrape_date": "2025-02-05T00:30:07Z",
      "stabilities": [
        "unstable"
      ],
      "unfree": false,
      "version": "14.1.1",
      "outputs_to_install": [
        "out"
      ],
      "outputs": {
        "out": "/nix/store/d7i7ccjxmlzh73l2s458s3c9kwdj2s3b-ripgrep-14.1.1"
      },
      "system": "x86_64-linux",
      "group": "toplevel",
      "priority": 5
    },
    {
      "attr_path": "vim",
      "broken": false,
      "derivation": "/nix/store/lgbfaynkx5vzi17j94zxphhbxhlqzm6g-vim-9.1.0990.drv",
      "description": "Most popular clone of the VI editor",
      "install_id": "vim",
      "license": "Vim",
      "locked_url": "https://github.com/flox/nixpkgs?rev=799ba5bffed04ced7067a91798353d360788b30d",
      "name": "vim-9.1.0990",
      "pname": "vim",
      "rev": "799ba5bffed04ced7067a91798353d360788b30d",
      "rev_count": 747653,
      "rev_date": "2025-02-04T14:46:40Z",
      "scrape_date": "2025-02-05T00:30:07Z",
      "stabilities": [
        "unstable"
      ],
      "unfree": false,
      "version": "9.1.0990",
      "outputs_to_install": [
        "out",
        "xxd"
      ],
      "outputs": {
        "out": "/nix/store/7xvwiqjls0vhq2i3yrilmgs4gw5x3iw0-vim-9.1.0990",
        "xxd": "/nix/store/vb2j5qdwssjkndz7xs0rnah5afir8nam-vim-9.1.0990-xxd"
      },
      "system": "aarch64-darwin",
      "group": "toplevel",
      "priority": 5
    },
    {
      "attr_path": "vim",
      "broken": false,
      "derivation": "/nix/store/9433wzi1vfs4p3mhgnw0zlv56q01qi3m-vim-9.1.0990.drv",
      "description": "Most popular clone of the VI editor",
      "install_id": "vim",
      "license": "Vim",
      "locked_url": "https://github.com/flox/nixpkgs?rev=799ba5bffed04ced7067a91798353d360788b30d",
      "name": "vim-9.1.0990",
      "pname": "vim",
      "rev": "799ba5bffed04ced7067a91798353d360788b30d",
      "rev_count": 747653,
      "rev_date": "2025-02-04T14:46:40Z",
      "scrape_date": "2025-02-05T00:30:07Z",
      "stabilities": [
        "unstable"
      ],
      "unfree": false,
      "version": "9.1.0990",
      "outputs_to_install": [
        "out",
        "xxd"
      ],
      "outputs": {
        "out": "/nix/store/zp006fij6j3zh08k31dxwhrca3gl36m4-vim-9.1.0990",
        "xxd": "/nix/store/d8s7zfkscprjgg8cfx55v3721rswzwgk-vim-9.1.0990-xxd"
      },
      "system": "aarch64-linux",
      "group": "toplevel",
      "priority": 5
    },
    {
      "attr_path": "vim",
      "broken": false,
      "derivation": "/nix/store/wmh9qrzlq951p2406b43ph1lasqv1xzz-vim-9.1.0990.drv",
      "description": "Most popular clone of the VI editor",
      "install_id": "vim",
      "license": "Vim",
      "locked_url": "https://github.com/flox/nixpkgs?rev=799ba5bffed04ced7067a91798353d360788b30d",
      "name": "vim-9.1.0990",
      "pname": "vim",
      "rev": "799ba5bffed04ced7067a91798353d360788b30d",
      "rev_count": 747653,
      "rev_date": "2025-02-04T14:46:40Z",
      "scrape_date": "2025-02-05T00:30:07Z",
      "stabilities": [
        "unstable"
      ],
      "unfree": false,
      "version": "9.1.0990",
      "outputs_to_install": [
        "out",
        "xxd"
      ],
      "outputs": {
        "out": "/nix/store/920q9y3qhxxalqzab384vgd2602jarl0-vim-9.1.0990",
        "xxd": "/nix/store/zd84nzkj8vq8p23wmp4vvrzm0skrrh00-vim-9.1.0990-xxd"
      },
      "system": "x86_64-darwin",
      "group": "toplevel",
      "priority": 5
    },
    {
      "attr_path": "vim",
      "broken": false,
      "derivation": "/nix/store/87csq9xdyl31xhi8xx94ivgwvz0m7gkp-vim-9.1.0990.drv",
      "description": "Most popular clone of the VI editor",
      "install_id": "vim",
      "license": "Vim",
      "locked_url": "https://github.com/flox/nixpkgs?rev=799ba5bffed04ced7067a91798353d360788b30d",
      "name": "vim-9.1.0990",
      "pname": "vim",
      "rev": "799ba5bffed04ced7067a91798353d360788b30d",
      "rev_count": 747653,
      "rev_date": "2025-02-04T14:46:40Z",
      "scrape_date": "2025-02-05T00:30:07Z",
      "stabilities": [
        "unstable"
      ],
      "unfree": false,
      "version": "9.1.0990",
      "outputs_to_install": [
        "out",
        "xxd"
      ],
      "outputs": {
        "out": "/nix/store/77q7hk06ghanhaia34g6bn47d2yv7bgb-vim-9.1.0990",
        "xxd": "/nix/store/4rkh9hhrc5dpkqap0cx9qxgs8xvn2b63-vim-9.1.0990-xxd"
      },
      "system": "x86_64-linux",
      "group": "toplevel",
      "priority": 5
    },
    {
      "attr_path": "watchexec",
      "broken": false,
      "derivation": "/nix/store/r11xl76i16ys4lh54liry9b3vkva1p1k-watchexec-2.2.1.drv",
      "description": "Executes commands in response to file modifications",
      "install_id": "watchexec",
      "license": "[ Apache-2.0 ]",
      "locked_url": "https://github.com/flox/nixpkgs?rev=799ba5bffed04ced7067a91798353d360788b30d",
      "name": "watchexec-2.2.1",
      "pname": "watchexec",
      "rev": "799ba5bffed04ced7067a91798353d360788b30d",
      "rev_count": 747653,
      "rev_date": "2025-02-04T14:46:40Z",
      "scrape_date": "2025-02-05T00:30:07Z",
      "stabilities": [
        "unstable"
      ],
      "unfree": false,
      "version": "2.2.1",
      "outputs_to_install": [
        "out"
      ],
      "outputs": {
        "out": "/nix/store/iz6xz5z79d7vfv2c28r80gh7rp8jcpjv-watchexec-2.2.1"
      },
      "system": "aarch64-darwin",
      "group": "toplevel",
      "priority": 5
    },
    {
      "attr_path": "watchexec",
      "broken": false,
      "derivation": "/nix/store/2yxc9zps196hxjxc1ac4ijwkc0yrfxk2-watchexec-2.2.1.drv",
      "description": "Executes commands in response to file modifications",
      "install_id": "watchexec",
      "license": "[ Apache-2.0 ]",
      "locked_url": "https://github.com/flox/nixpkgs?rev=799ba5bffed04ced7067a91798353d360788b30d",
      "name": "watchexec-2.2.1",
      "pname": "watchexec",
      "rev": "799ba5bffed04ced7067a91798353d360788b30d",
      "rev_count": 747653,
      "rev_date": "2025-02-04T14:46:40Z",
      "scrape_date": "2025-02-05T00:30:07Z",
      "stabilities": [
        "unstable"
      ],
      "unfree": false,
      "version": "2.2.1",
      "outputs_to_install": [
        "out"
      ],
      "outputs": {
        "out": "/nix/store/nvkkyl0vfcpdphl4yzv72d0q0sy5gysw-watchexec-2.2.1"
      },
      "system": "aarch64-linux",
      "group": "toplevel",
      "priority": 5
    },
    {
      "attr_path": "watchexec",
      "broken": false,
      "derivation": "/nix/store/14nw8b54x8rpn2gmszl7f9vmz9k2gfin-watchexec-2.2.1.drv",
      "description": "Executes commands in response to file modifications",
      "install_id": "watchexec",
      "license": "[ Apache-2.0 ]",
      "locked_url": "https://github.com/flox/nixpkgs?rev=799ba5bffed04ced7067a91798353d360788b30d",
      "name": "watchexec-2.2.1",
      "pname": "watchexec",
      "rev": "799ba5bffed04ced7067a91798353d360788b30d",
      "rev_count": 747653,
      "rev_date": "2025-02-04T14:46:40Z",
      "scrape_date": "2025-02-05T00:30:07Z",
      "stabilities": [
        "unstable"
      ],
      "unfree": false,
      "version": "2.2.1",
      "outputs_to_install": [
        "out"
      ],
      "outputs": {
        "out": "/nix/store/mgr9pbq2gpmadn5415s414rinmb8f1cq-watchexec-2.2.1"
      },
      "system": "x86_64-darwin",
      "group": "toplevel",
      "priority": 5
    },
    {
      "attr_path": "watchexec",
      "broken": false,
      "derivation": "/nix/store/m0kwfh7k3fhdpm2svxybjp6fph7bb21d-watchexec-2.2.1.drv",
      "description": "Executes commands in response to file modifications",
      "install_id": "watchexec",
      "license": "[ Apache-2.0 ]",
      "locked_url": "https://github.com/flox/nixpkgs?rev=799ba5bffed04ced7067a91798353d360788b30d",
      "name": "watchexec-2.2.1",
      "pname": "watchexec",
      "rev": "799ba5bffed04ced7067a91798353d360788b30d",
      "rev_count": 747653,
      "rev_date": "2025-02-04T14:46:40Z",
      "scrape_date": "2025-02-05T00:30:07Z",
      "stabilities": [
        "unstable"
      ],
      "unfree": false,
      "version": "2.2.1",
      "outputs_to_install": [
        "out"
      ],
      "outputs": {
        "out": "/nix/store/drn2dhjf1lnb03w041jp8b3c49m0q78i-watchexec-2.2.1"
      },
      "system": "x86_64-linux",
      "group": "toplevel",
      "priority": 5
    },
    {
      "attr_path": "yq-go",
      "broken": false,
      "derivation": "/nix/store/rz6mi8ni44v08v7jl0s2jkqb5jqf670k-yq-go-4.45.1.drv",
      "description": "Portable command-line YAML processor",
      "install_id": "yq-go",
      "license": "[ MIT ]",
      "locked_url": "https://github.com/flox/nixpkgs?rev=799ba5bffed04ced7067a91798353d360788b30d",
      "name": "yq-go-4.45.1",
      "pname": "yq-go",
      "rev": "799ba5bffed04ced7067a91798353d360788b30d",
      "rev_count": 747653,
      "rev_date": "2025-02-04T14:46:40Z",
      "scrape_date": "2025-02-05T00:30:07Z",
      "stabilities": [
        "unstable"
      ],
      "unfree": false,
      "version": "4.45.1",
      "outputs_to_install": [
        "out"
      ],
      "outputs": {
        "out": "/nix/store/2g34102lnfgsr7n2g2fm11r945lxmxgx-yq-go-4.45.1"
      },
      "system": "aarch64-darwin",
      "group": "toplevel",
      "priority": 5
    },
    {
      "attr_path": "yq-go",
      "broken": false,
      "derivation": "/nix/store/fnzc42dldjkh2j8rivc5d7mwcdlfhda7-yq-go-4.45.1.drv",
      "description": "Portable command-line YAML processor",
      "install_id": "yq-go",
      "license": "[ MIT ]",
      "locked_url": "https://github.com/flox/nixpkgs?rev=799ba5bffed04ced7067a91798353d360788b30d",
      "name": "yq-go-4.45.1",
      "pname": "yq-go",
      "rev": "799ba5bffed04ced7067a91798353d360788b30d",
      "rev_count": 747653,
      "rev_date": "2025-02-04T14:46:40Z",
      "scrape_date": "2025-02-05T00:30:07Z",
      "stabilities": [
        "unstable"
      ],
      "unfree": false,
      "version": "4.45.1",
      "outputs_to_install": [
        "out"
      ],
      "outputs": {
        "out": "/nix/store/nsl4sm3zc4hl16l8zvcrnpw0kqkp21xh-yq-go-4.45.1"
      },
      "system": "aarch64-linux",
      "group": "toplevel",
      "priority": 5
    },
    {
      "attr_path": "yq-go",
      "broken": false,
      "derivation": "/nix/store/w069bvhgafqqw24br09x2iwi61vvfyg3-yq-go-4.45.1.drv",
      "description": "Portable command-line YAML processor",
      "install_id": "yq-go",
      "license": "[ MIT ]",
      "locked_url": "https://github.com/flox/nixpkgs?rev=799ba5bffed04ced7067a91798353d360788b30d",
      "name": "yq-go-4.45.1",
      "pname": "yq-go",
      "rev": "799ba5bffed04ced7067a91798353d360788b30d",
      "rev_count": 747653,
      "rev_date": "2025-02-04T14:46:40Z",
      "scrape_date": "2025-02-05T00:30:07Z",
      "stabilities": [
        "unstable"
      ],
      "unfree": false,
      "version": "4.45.1",
      "outputs_to_install": [
        "out"
      ],
      "outputs": {
        "out": "/nix/store/zzmwwabkgbqrqx1nld5fldwbp0izclqy-yq-go-4.45.1"
      },
      "system": "x86_64-darwin",
      "group": "toplevel",
      "priority": 5
    },
    {
      "attr_path": "yq-go",
      "broken": false,
      "derivation": "/nix/store/sywsadmsrgdi2pk8530zi7janmgrxqj7-yq-go-4.45.1.drv",
      "description": "Portable command-line YAML processor",
      "install_id": "yq-go",
      "license": "[ MIT ]",
      "locked_url": "https://github.com/flox/nixpkgs?rev=799ba5bffed04ced7067a91798353d360788b30d",
      "name": "yq-go-4.45.1",
      "pname": "yq-go",
      "rev": "799ba5bffed04ced7067a91798353d360788b30d",
      "rev_count": 747653,
      "rev_date": "2025-02-04T14:46:40Z",
      "scrape_date": "2025-02-05T00:30:07Z",
      "stabilities": [
        "unstable"
      ],
      "unfree": false,
      "version": "4.45.1",
      "outputs_to_install": [
        "out"
      ],
      "outputs": {
        "out": "/nix/store/0zcjg419anbc1g2ccry71k14wi4j8nsp-yq-go-4.45.1"
      },
      "system": "x86_64-linux",
      "group": "toplevel",
      "priority": 5
    }
  ]
}